{
  "nodes": {
    "elisp-helpers": {
      "inputs": {
        "fromElisp": "fromElisp"
      },
      "locked": {
        "lastModified": 1782098990,
        "narHash": "sha256-cdzwG8NRXtwlG25Tjfvscx9nKllZbNbEHvK/q7Sdmak=",
        "owner": "emacs-twist",
        "repo": "elisp-helpers",
        "rev": "6ed8c5617af3d62a456ad1407c2e22feefd48b1b",
        "type": "github"
      },
      "original": {
        "owner": "emacs-twist",
        "repo": "elisp-helpers",
        "type": "github"
      }
    },
    "fromElisp": {
      "flake": false,
      "locked": {
        "lastModified": 1723987997,
        "narHash": "sha256-OhaVgTG6zjLByzl+uPTvtCld3p2uqgbCXmOl/s3LVRo=",
        "owner": "talyz",
        "repo": "fromElisp",
        "rev": "f071a0e262c02c0895b575c4e322b7fd90713543",
        "type": "github"
      },
      "original": {
        "owner": "talyz",
        "repo": "fromElisp",
        "type": "github"
      }
    },
    "gnu-elpa": {
      "flake": false,
      "locked": {
        "lastModified": 1786466209,
        "narHash": "sha256-JokS/bCsrx57CDsxxjbrkkHNXrrrlhEbj2M7Q99MDY8=",
        "owner": "elpa-mirrors",
        "repo": "elpa",
        "rev": "e0751d74948c9221dfe76e1f0789228a70081560",
        "type": "github"
      },
      "original": {
        "owner": "elpa-mirrors",
        "repo": "elpa",
        "type": "github"
      }
    },
    "nixpkgs": {
      "locked": {
        "lastModified": 1786348146,
        "narHash": "sha256-we5zDEFfn8TgzeWKjKDMIjeQZ59omEPl23NIF+13/ys=",
        "owner": "NixOS",
        "repo": "nixpkgs",
        "rev": "d482ef84049d9b7276b83a06e4e4d76983830097",
        "type": "github"
      },
      "original": {
        "owner": "NixOS",
        "ref": "nixpkgs-unstable",
        "repo": "nixpkgs",
        "type": "github"
      }
    },
    "nongnu": {
      "flake": false,
      "locked": {
        "lastModified": 1786399279,
        "narHash": "sha256-Q6rOC/rBAyuxAKFA0hN2p8kzs9mPIRwcyLI2ceX7VLI=",
        "owner": "elpa-mirrors",
        "repo": "nongnu",
        "rev": "ec5c516807c95fba57de6f9e84533117deecce38",
        "type": "github"
      },
      "original": {
        "owner": "elpa-mirrors",
        "repo": "nongnu",
        "type": "github"
      }
    },
    "root": {
      "inputs": {
        "elisp-helpers": "elisp-helpers",
        "gnu-elpa": "gnu-elpa",
        "nixpkgs": "nixpkgs",
        "nongnu": "nongnu"
      }
    }
  },
  "root": "root",
  "version": 7
}
